
Microsoft Visual Studio Solution File, Format Version 12.00
# Visual Studio 15
VisualStudioVersion = 15.0.28307.1231
MinimumVisualStudioVersion = 10.0.40219.1
Project("{FAE04EC0-301F-11D3-BF4B-00C04F79EFBC}") = "SMEditor", "SMEditor\SMEditor.csproj", "{5E02CFAD-F70C-4306-B3EF-AA31087579CB}"
EndProject
Project("{FAE04EC0-301F-11D3-BF4B-00C04F79EFBC}") = "SMEditorWPF", "SMEditorWPF\SMEditorWPF.csproj", "{0FDABBE8-B452-45E9-9782-436BEE824BFE}"
EndProject
Project("{FAE04EC0-301F-11D3-BF4B-00C04F79EFBC}") = "Playground", "XMFloat3PK101010_Tests\Playground.csproj", "{F3A5BD0A-FF0C-47AC-BA99-BBED6ADEAFD9}"
EndProject
Global
	GlobalSection(SolutionConfigurationPlatforms) = preSolution
		Debug|Any CPU = Debug|Any CPU
		Release|Any CPU = Release|Any CPU
	EndGlobalSection
	GlobalSection(ProjectConfigurationPlatforms) = postSolution
		{5E02CFAD-F70C-4306-B3EF-AA31087579CB}.Debug|Any CPU.ActiveCfg = Debug|Any CPU
		{5E02CFAD-F70C-4306-B3EF-AA31087579CB}.Debug|Any CPU.Build.0 = Debug|Any CPU
		{5E02CFAD-F70C-4306-B3EF-AA31087579CB}.Release|Any CPU.ActiveCfg = Release|Any CPU
		{5E02CFAD-F70C-4306-B3EF-AA31087579CB}.Release|Any CPU.Build.0 = Release|Any CPU
		{0FDABBE8-B452-45E9-9782-436BEE824BFE}.Debug|Any CPU.ActiveCfg = Debug|Any CPU
		{0FDABBE8-B452-45E9-9782-436BEE824BFE}.Debug|Any CPU.Build.0 = Debug|Any CPU
		{0FDABBE8-B452-45E9-9782-436BEE824BFE}.Release|Any CPU.ActiveCfg = Release|Any CPU
		{0FDABBE8-B452-45E9-9782-436BEE824BFE}.Release|Any CPU.Build.0 = Release|Any CPU
		{F3A5BD0A-FF0C-47AC-BA99-BBED6ADEAFD9}.Debug|Any CPU.ActiveCfg = Debug|Any CPU
		{F3A5BD0A-FF0C-47AC-BA99-BBED6ADEAFD9}.Debug|Any CPU.Build.0 = Debug|Any CPU
		{F3A5BD0A-FF0C-47AC-BA99-BBED6ADEAFD9}.Release|Any CPU.ActiveCfg = Release|Any CPU
		{F3A5BD0A-FF0C-47AC-BA99-BBED6ADEAFD9}.Release|Any CPU.Build.0 = Release|Any CPU
	EndGlobalSection
	GlobalSection(SolutionProperties) = preSolution
		HideSolutionNode = FALSE
	EndGlobalSection
	GlobalSection(ExtensibilityGlobals) = postSolution
		SolutionGuid = {E1407CD0-A4DD-4A4F-B309-FBC2BEBFBD5E}
	EndGlobalSection
EndGlobal
